
Microsoft Visual Studio Solution File, Format Version 12.00
# Visual Studio Version 16
VisualStudioVersion = 16.0.31025.194
MinimumVisualStudioVersion = 10.0.40219.1
Project("{FAE04EC0-301F-11D3-BF4B-00C04F79EFBC}") = "Aula03", "Aula03\Aula03.csproj", "{BE159A92-2CAC-4D5E-AE6D-F6C5E15E8675}"
EndProject
Global
	GlobalSection(SolutionConfigurationPlatforms) = preSolution
		Debug|Any CPU = Debug|Any CPU
		Release|Any CPU = Release|Any CPU
	EndGlobalSection
	GlobalSection(ProjectConfigurationPlatforms) = postSolution
		{BE159A92-2CAC-4D5E-AE6D-F6C5E15E8675}.Debug|Any CPU.ActiveCfg = Debug|Any CPU
		{BE159A92-2CAC-4D5E-AE6D-F6C5E15E8675}.Debug|Any CPU.Build.0 = Debug|Any CPU
		{BE159A92-2CAC-4D5E-AE6D-F6C5E15E8675}.Release|Any CPU.ActiveCfg = Release|Any CPU
		{BE159A92-2CAC-4D5E-AE6D-F6C5E15E8675}.Release|Any CPU.Build.0 = Release|Any CPU
	EndGlobalSection
	GlobalSection(SolutionProperties) = preSolution
		HideSolutionNode = FALSE
	EndGlobalSection
	GlobalSection(ExtensibilityGlobals) = postSolution
		SolutionGuid = {BCDA3441-9E83-438F-858B-A06886BB8EA8}
	EndGlobalSection
EndGlobal
