
Microsoft Visual Studio Solution File, Format Version 12.00
# Visual Studio Version 16
VisualStudioVersion = 16.0.31025.194
MinimumVisualStudioVersion = 10.0.40219.1
Project("{FAE04EC0-301F-11D3-BF4B-00C04F79EFBC}") = "Teste1", "Teste1.csproj", "{AABC53E3-30FF-47A9-A083-8C91051F3D54}"
EndProject
Global
	GlobalSection(SolutionConfigurationPlatforms) = preSolution
		Debug|Any CPU = Debug|Any CPU
		Release|Any CPU = Release|Any CPU
	EndGlobalSection
	GlobalSection(ProjectConfigurationPlatforms) = postSolution
		{AABC53E3-30FF-47A9-A083-8C91051F3D54}.Debug|Any CPU.ActiveCfg = Debug|Any CPU
		{AABC53E3-30FF-47A9-A083-8C91051F3D54}.Debug|Any CPU.Build.0 = Debug|Any CPU
		{AABC53E3-30FF-47A9-A083-8C91051F3D54}.Release|Any CPU.ActiveCfg = Release|Any CPU
		{AABC53E3-30FF-47A9-A083-8C91051F3D54}.Release|Any CPU.Build.0 = Release|Any CPU
	EndGlobalSection
	GlobalSection(SolutionProperties) = preSolution
		HideSolutionNode = FALSE
	EndGlobalSection
	GlobalSection(ExtensibilityGlobals) = postSolution
		SolutionGuid = {56B50FE2-EE33-48A5-B3C8-CE93DE64BCE2}
	EndGlobalSection
EndGlobal
